
Microsoft Visual Studio Solution File, Format Version 12.00
# Visual Studio Version 16
VisualStudioVersion = 16.0.31702.278
MinimumVisualStudioVersion = 10.0.40219.1
Project("{FAE04EC0-301F-11D3-BF4B-00C04F79EFBC}") = "ConsoleAppJeuTICTACTOE", "ConsoleAppJeuTICTACTOE\ConsoleAppJeuTICTACTOE.csproj", "{94028942-5B29-45DF-8A2D-02AE133C1127}"
EndProject
Global
	GlobalSection(SolutionConfigurationPlatforms) = preSolution
		Debug|Any CPU = Debug|Any CPU
		Release|Any CPU = Release|Any CPU
	EndGlobalSection
	GlobalSection(ProjectConfigurationPlatforms) = postSolution
		{94028942-5B29-45DF-8A2D-02AE133C1127}.Debug|Any CPU.ActiveCfg = Debug|Any CPU
		{94028942-5B29-45DF-8A2D-02AE133C1127}.Debug|Any CPU.Build.0 = Debug|Any CPU
		{94028942-5B29-45DF-8A2D-02AE133C1127}.Release|Any CPU.ActiveCfg = Release|Any CPU
		{94028942-5B29-45DF-8A2D-02AE133C1127}.Release|Any CPU.Build.0 = Release|Any CPU
	EndGlobalSection
	GlobalSection(SolutionProperties) = preSolution
		HideSolutionNode = FALSE
	EndGlobalSection
	GlobalSection(ExtensibilityGlobals) = postSolution
		SolutionGuid = {1B59C574-AC7B-474A-9486-B76AE5442E0A}
	EndGlobalSection
EndGlobal
